
Microsoft Visual Studio Solution File, Format Version 12.00
# Visual Studio 14
VisualStudioVersion = 14.0.24720.0
MinimumVisualStudioVersion = 10.0.40219.1
Project("{FAE04EC0-301F-11D3-BF4B-00C04F79EFBC}") = "GamingSessionApp", "GamingSessionApp\GamingSessionApp.csproj", "{FDF6AB1C-213F-46E4-A13A-0F2B506DD4BC}"
EndProject
Project("{FAE04EC0-301F-11D3-BF4B-00C04F79EFBC}") = "GamingSessionApp.DataAccess", "GamingSessionApp.DataAccess\GamingSessionApp.DataAccess.csproj", "{E43415FA-AAE2-453D-BC91-35BCBB103F70}"
EndProject
Project("{FAE04EC0-301F-11D3-BF4B-00C04F79EFBC}") = "GamingSessionApp.BusinessLogic", "GamingSessionApp.BusinessLogic\GamingSessionApp.BusinessLogic.csproj", "{81BE3543-F779-4253-B17C-D83FD2D59776}"
EndProject
Project("{FAE04EC0-301F-11D3-BF4B-00C04F79EFBC}") = "GamingSessionApp.Models", "GamingSessionApp.Models\GamingSessionApp.Models.csproj", "{AE0C33F9-25C5-4D2F-887A-EAA2E5598B31}"
EndProject
Project("{FAE04EC0-301F-11D3-BF4B-00C04F79EFBC}") = "GamingSessionApp.ViewModels", "GamingSessionApp.ViewModels\GamingSessionApp.ViewModels.csproj", "{69C4F158-078B-4101-8E61-84F0F79C7A44}"
EndProject
Project("{FAE04EC0-301F-11D3-BF4B-00C04F79EFBC}") = "GamingSessionApp.Helpers", "GamingSessionApp.Helpers\GamingSessionApp.Helpers.csproj", "{A49AE404-F16B-4348-97B4-AE0E60FF9BE6}"
EndProject
Global
	GlobalSection(SolutionConfigurationPlatforms) = preSolution
		Debug|Any CPU = Debug|Any CPU
		Release|Any CPU = Release|Any CPU
	EndGlobalSection
	GlobalSection(ProjectConfigurationPlatforms) = postSolution
		{FDF6AB1C-213F-46E4-A13A-0F2B506DD4BC}.Debug|Any CPU.ActiveCfg = Debug|Any CPU
		{FDF6AB1C-213F-46E4-A13A-0F2B506DD4BC}.Debug|Any CPU.Build.0 = Debug|Any CPU
		{FDF6AB1C-213F-46E4-A13A-0F2B506DD4BC}.Release|Any CPU.ActiveCfg = Release|Any CPU
		{FDF6AB1C-213F-46E4-A13A-0F2B506DD4BC}.Release|Any CPU.Build.0 = Release|Any CPU
		{E43415FA-AAE2-453D-BC91-35BCBB103F70}.Debug|Any CPU.ActiveCfg = Debug|Any CPU
		{E43415FA-AAE2-453D-BC91-35BCBB103F70}.Debug|Any CPU.Build.0 = Debug|Any CPU
		{E43415FA-AAE2-453D-BC91-35BCBB103F70}.Release|Any CPU.ActiveCfg = Release|Any CPU
		{E43415FA-AAE2-453D-BC91-35BCBB103F70}.Release|Any CPU.Build.0 = Release|Any CPU
		{81BE3543-F779-4253-B17C-D83FD2D59776}.Debug|Any CPU.ActiveCfg = Debug|Any CPU
		{81BE3543-F779-4253-B17C-D83FD2D59776}.Debug|Any CPU.Build.0 = Debug|Any CPU
		{81BE3543-F779-4253-B17C-D83FD2D59776}.Release|Any CPU.ActiveCfg = Release|Any CPU
		{81BE3543-F779-4253-B17C-D83FD2D59776}.Release|Any CPU.Build.0 = Release|Any CPU
		{AE0C33F9-25C5-4D2F-887A-EAA2E5598B31}.Debug|Any CPU.ActiveCfg = Debug|Any CPU
		{AE0C33F9-25C5-4D2F-887A-EAA2E5598B31}.Debug|Any CPU.Build.0 = Debug|Any CPU
		{AE0C33F9-25C5-4D2F-887A-EAA2E5598B31}.Release|Any CPU.ActiveCfg = Release|Any CPU
		{AE0C33F9-25C5-4D2F-887A-EAA2E5598B31}.Release|Any CPU.Build.0 = Release|Any CPU
		{69C4F158-078B-4101-8E61-84F0F79C7A44}.Debug|Any CPU.ActiveCfg = Debug|Any CPU
		{69C4F158-078B-4101-8E61-84F0F79C7A44}.Debug|Any CPU.Build.0 = Debug|Any CPU
		{69C4F158-078B-4101-8E61-84F0F79C7A44}.Release|Any CPU.ActiveCfg = Release|Any CPU
		{69C4F158-078B-4101-8E61-84F0F79C7A44}.Release|Any CPU.Build.0 = Release|Any CPU
		{A49AE404-F16B-4348-97B4-AE0E60FF9BE6}.Debug|Any CPU.ActiveCfg = Debug|Any CPU
		{A49AE404-F16B-4348-97B4-AE0E60FF9BE6}.Debug|Any CPU.Build.0 = Debug|Any CPU
		{A49AE404-F16B-4348-97B4-AE0E60FF9BE6}.Release|Any CPU.ActiveCfg = Release|Any CPU
		{A49AE404-F16B-4348-97B4-AE0E60FF9BE6}.Release|Any CPU.Build.0 = Release|Any CPU
	EndGlobalSection
	GlobalSection(SolutionProperties) = preSolution
		HideSolutionNode = FALSE
	EndGlobalSection
EndGlobal
